
Microsoft Visual Studio Solution File, Format Version 12.00
# Visual Studio 15
VisualStudioVersion = 15.0.27004.2002
MinimumVisualStudioVersion = 10.0.40219.1
Project("{FAE04EC0-301F-11D3-BF4B-00C04F79EFBC}") = "CommunicationServer", "CommunicationServer\CommunicationServer.csproj", "{C0E0159C-113B-42B4-A917-96E4319042D7}"
EndProject
Global
	GlobalSection(SolutionConfigurationPlatforms) = preSolution
		Debug|Any CPU = Debug|Any CPU
		Release|Any CPU = Release|Any CPU
	EndGlobalSection
	GlobalSection(ProjectConfigurationPlatforms) = postSolution
		{C0E0159C-113B-42B4-A917-96E4319042D7}.Debug|Any CPU.ActiveCfg = Debug|Any CPU
		{C0E0159C-113B-42B4-A917-96E4319042D7}.Debug|Any CPU.Build.0 = Debug|Any CPU
		{C0E0159C-113B-42B4-A917-96E4319042D7}.Release|Any CPU.ActiveCfg = Release|Any CPU
		{C0E0159C-113B-42B4-A917-96E4319042D7}.Release|Any CPU.Build.0 = Release|Any CPU
	EndGlobalSection
	GlobalSection(SolutionProperties) = preSolution
		HideSolutionNode = FALSE
	EndGlobalSection
	GlobalSection(ExtensibilityGlobals) = postSolution
		SolutionGuid = {61F1CA63-6231-4C78-8694-BE5EF4B969F7}
	EndGlobalSection
EndGlobal
