
Microsoft Visual Studio Solution File, Format Version 12.00
# Visual Studio 2012
Project("{FAE04EC0-301F-11D3-BF4B-00C04F79EFBC}") = "MessageProject", "Message\MessageProject.csproj", "{47C8BCA2-06A5-4A20-B0C1-66EE2EE0D00D}"
EndProject
Project("{FAE04EC0-301F-11D3-BF4B-00C04F79EFBC}") = "ConsoleTest", "ConsoleTest\ConsoleTest.csproj", "{A3761D74-140E-4E56-9F24-236CF3113D77}"
EndProject
Global
	GlobalSection(SolutionConfigurationPlatforms) = preSolution
		Debug|Any CPU = Debug|Any CPU
		Release|Any CPU = Release|Any CPU
	EndGlobalSection
	GlobalSection(ProjectConfigurationPlatforms) = postSolution
		{47C8BCA2-06A5-4A20-B0C1-66EE2EE0D00D}.Debug|Any CPU.ActiveCfg = Debug|Any CPU
		{47C8BCA2-06A5-4A20-B0C1-66EE2EE0D00D}.Debug|Any CPU.Build.0 = Debug|Any CPU
		{47C8BCA2-06A5-4A20-B0C1-66EE2EE0D00D}.Release|Any CPU.ActiveCfg = Release|Any CPU
		{47C8BCA2-06A5-4A20-B0C1-66EE2EE0D00D}.Release|Any CPU.Build.0 = Release|Any CPU
		{A3761D74-140E-4E56-9F24-236CF3113D77}.Debug|Any CPU.ActiveCfg = Debug|Any CPU
		{A3761D74-140E-4E56-9F24-236CF3113D77}.Debug|Any CPU.Build.0 = Debug|Any CPU
		{A3761D74-140E-4E56-9F24-236CF3113D77}.Release|Any CPU.ActiveCfg = Release|Any CPU
		{A3761D74-140E-4E56-9F24-236CF3113D77}.Release|Any CPU.Build.0 = Release|Any CPU
	EndGlobalSection
	GlobalSection(SolutionProperties) = preSolution
		HideSolutionNode = FALSE
	EndGlobalSection
EndGlobal
